
Microsoft Visual Studio Solution File, Format Version 12.00
# Visual Studio Version 16
VisualStudioVersion = 16.0.29613.14
MinimumVisualStudioVersion = 10.0.40219.1
Project("{2150E333-8FDC-42A3-9474-1A3956D46DE8}") = "Client", "Client", "{2522F167-8589-48F5-870D-C7E6449465CD}"
EndProject
Project("{2150E333-8FDC-42A3-9474-1A3956D46DE8}") = "Server", "Server", "{7F3A15C7-079A-4368-98D6-0E53AAB0D62C}"
EndProject
Project("{FAE04EC0-301F-11D3-BF4B-00C04F79EFBC}") = "SyntraBankAPI.Api", "SyntraBankAPI.Api\SyntraBankAPI.Api.csproj", "{E4E103FA-B158-4A9F-B2F1-E6CA01203C9F}"
EndProject
Project("{2150E333-8FDC-42A3-9474-1A3956D46DE8}") = "Shared", "Shared", "{87B58603-7636-440D-991A-F00C6E94A796}"
EndProject
Project("{FAE04EC0-301F-11D3-BF4B-00C04F79EFBC}") = "SyntraBankAPI.Client.Console", "SyntraBankAPI.Client.Console\SyntraBankAPI.Client.Console.csproj", "{0FDA9DDD-35D7-469E-A3C3-40FD9A5AD24A}"
EndProject
Project("{FAE04EC0-301F-11D3-BF4B-00C04F79EFBC}") = "SyntraBankAPI.Api.Services", "SyntraBankAPI.Api.Services\SyntraBankAPI.Api.Services.csproj", "{9F21F6EB-0ADF-4C0F-8900-1B0F75CD6FF5}"
EndProject
Project("{FAE04EC0-301F-11D3-BF4B-00C04F79EFBC}") = "SyntraBankAPI.Api.Repositories", "SyntraBankAPI.Api.Repositories\SyntraBankAPI.Api.Repositories.csproj", "{EF000CD8-E875-4F5E-9C51-3A6A140608E9}"
EndProject
Project("{FAE04EC0-301F-11D3-BF4B-00C04F79EFBC}") = "SyntraBankAPI.Models", "SyntraBankAPI.Models\SyntraBankAPI.Models.csproj", "{E4E58478-C749-43CD-8BB4-21F742F68AD4}"
EndProject
Global
	GlobalSection(SolutionConfigurationPlatforms) = preSolution
		Debug|Any CPU = Debug|Any CPU
		Release|Any CPU = Release|Any CPU
	EndGlobalSection
	GlobalSection(ProjectConfigurationPlatforms) = postSolution
		{E4E103FA-B158-4A9F-B2F1-E6CA01203C9F}.Debug|Any CPU.ActiveCfg = Debug|Any CPU
		{E4E103FA-B158-4A9F-B2F1-E6CA01203C9F}.Debug|Any CPU.Build.0 = Debug|Any CPU
		{E4E103FA-B158-4A9F-B2F1-E6CA01203C9F}.Release|Any CPU.ActiveCfg = Release|Any CPU
		{E4E103FA-B158-4A9F-B2F1-E6CA01203C9F}.Release|Any CPU.Build.0 = Release|Any CPU
		{0FDA9DDD-35D7-469E-A3C3-40FD9A5AD24A}.Debug|Any CPU.ActiveCfg = Debug|Any CPU
		{0FDA9DDD-35D7-469E-A3C3-40FD9A5AD24A}.Debug|Any CPU.Build.0 = Debug|Any CPU
		{0FDA9DDD-35D7-469E-A3C3-40FD9A5AD24A}.Release|Any CPU.ActiveCfg = Release|Any CPU
		{0FDA9DDD-35D7-469E-A3C3-40FD9A5AD24A}.Release|Any CPU.Build.0 = Release|Any CPU
		{9F21F6EB-0ADF-4C0F-8900-1B0F75CD6FF5}.Debug|Any CPU.ActiveCfg = Debug|Any CPU
		{9F21F6EB-0ADF-4C0F-8900-1B0F75CD6FF5}.Debug|Any CPU.Build.0 = Debug|Any CPU
		{9F21F6EB-0ADF-4C0F-8900-1B0F75CD6FF5}.Release|Any CPU.ActiveCfg = Release|Any CPU
		{9F21F6EB-0ADF-4C0F-8900-1B0F75CD6FF5}.Release|Any CPU.Build.0 = Release|Any CPU
		{EF000CD8-E875-4F5E-9C51-3A6A140608E9}.Debug|Any CPU.ActiveCfg = Debug|Any CPU
		{EF000CD8-E875-4F5E-9C51-3A6A140608E9}.Debug|Any CPU.Build.0 = Debug|Any CPU
		{EF000CD8-E875-4F5E-9C51-3A6A140608E9}.Release|Any CPU.ActiveCfg = Release|Any CPU
		{EF000CD8-E875-4F5E-9C51-3A6A140608E9}.Release|Any CPU.Build.0 = Release|Any CPU
		{E4E58478-C749-43CD-8BB4-21F742F68AD4}.Debug|Any CPU.ActiveCfg = Debug|Any CPU
		{E4E58478-C749-43CD-8BB4-21F742F68AD4}.Debug|Any CPU.Build.0 = Debug|Any CPU
		{E4E58478-C749-43CD-8BB4-21F742F68AD4}.Release|Any CPU.ActiveCfg = Release|Any CPU
		{E4E58478-C749-43CD-8BB4-21F742F68AD4}.Release|Any CPU.Build.0 = Release|Any CPU
	EndGlobalSection
	GlobalSection(SolutionProperties) = preSolution
		HideSolutionNode = FALSE
	EndGlobalSection
	GlobalSection(NestedProjects) = preSolution
		{E4E103FA-B158-4A9F-B2F1-E6CA01203C9F} = {7F3A15C7-079A-4368-98D6-0E53AAB0D62C}
		{0FDA9DDD-35D7-469E-A3C3-40FD9A5AD24A} = {2522F167-8589-48F5-870D-C7E6449465CD}
		{9F21F6EB-0ADF-4C0F-8900-1B0F75CD6FF5} = {7F3A15C7-079A-4368-98D6-0E53AAB0D62C}
		{EF000CD8-E875-4F5E-9C51-3A6A140608E9} = {7F3A15C7-079A-4368-98D6-0E53AAB0D62C}
		{E4E58478-C749-43CD-8BB4-21F742F68AD4} = {87B58603-7636-440D-991A-F00C6E94A796}
	EndGlobalSection
	GlobalSection(ExtensibilityGlobals) = postSolution
		SolutionGuid = {2B4DABC5-A24E-4B46-BCA3-B3C47E1D7177}
	EndGlobalSection
EndGlobal
